
Microsoft Visual Studio Solution File, Format Version 10.00
# Visual Studio 2008
Project("{8BC9CEB8-8B4A-11D0-8D11-00A0C91BC942}") = "Master", "Master\Master.vcproj", "{8D89CDF1-3388-48CE-956B-BF0EA0240EBD}"
EndProject
Project("{8BC9CEB8-8B4A-11D0-8D11-00A0C91BC942}") = "Slave", "Slave\Slave.vcproj", "{2BF43290-F3F4-449C-96D8-16B4343D1AC2}"
EndProject
Global
	GlobalSection(SolutionConfigurationPlatforms) = preSolution
		Debug|Win32 = Debug|Win32
		Release|Win32 = Release|Win32
	EndGlobalSection
	GlobalSection(ProjectConfigurationPlatforms) = postSolution
		{8D89CDF1-3388-48CE-956B-BF0EA0240EBD}.Debug|Win32.ActiveCfg = Debug|Win32
		{8D89CDF1-3388-48CE-956B-BF0EA0240EBD}.Debug|Win32.Build.0 = Debug|Win32
		{8D89CDF1-3388-48CE-956B-BF0EA0240EBD}.Release|Win32.ActiveCfg = Release|Win32
		{8D89CDF1-3388-48CE-956B-BF0EA0240EBD}.Release|Win32.Build.0 = Release|Win32
		{2BF43290-F3F4-449C-96D8-16B4343D1AC2}.Debug|Win32.ActiveCfg = Debug|Win32
		{2BF43290-F3F4-449C-96D8-16B4343D1AC2}.Debug|Win32.Build.0 = Debug|Win32
		{2BF43290-F3F4-449C-96D8-16B4343D1AC2}.Release|Win32.ActiveCfg = Release|Win32
		{2BF43290-F3F4-449C-96D8-16B4343D1AC2}.Release|Win32.Build.0 = Release|Win32
	EndGlobalSection
	GlobalSection(SolutionProperties) = preSolution
		HideSolutionNode = FALSE
	EndGlobalSection
EndGlobal
